
Microsoft Visual Studio Solution File, Format Version 12.00
# Visual Studio Version 16
VisualStudioVersion = 16.0.30717.126
MinimumVisualStudioVersion = 10.0.40219.1
Project("{FAE04EC0-301F-11D3-BF4B-00C04F79EFBC}") = "PaintForSchool", "PaintForSchool\PaintForSchool.csproj", "{80CEDDC0-37C2-4F71-B8C0-4D82669F63AA}"
EndProject
Project("{FAE04EC0-301F-11D3-BF4B-00C04F79EFBC}") = "NUnitTestProject1", "NUnitTestProject1\NUnitTestProject1.csproj", "{E8575F1C-C518-4DF8-BDC0-D95216020EC8}"
EndProject
Global
	GlobalSection(SolutionConfigurationPlatforms) = preSolution
		Debug|Any CPU = Debug|Any CPU
		Release|Any CPU = Release|Any CPU
	EndGlobalSection
	GlobalSection(ProjectConfigurationPlatforms) = postSolution
		{80CEDDC0-37C2-4F71-B8C0-4D82669F63AA}.Debug|Any CPU.ActiveCfg = Debug|Any CPU
		{80CEDDC0-37C2-4F71-B8C0-4D82669F63AA}.Debug|Any CPU.Build.0 = Debug|Any CPU
		{80CEDDC0-37C2-4F71-B8C0-4D82669F63AA}.Release|Any CPU.ActiveCfg = Release|Any CPU
		{80CEDDC0-37C2-4F71-B8C0-4D82669F63AA}.Release|Any CPU.Build.0 = Release|Any CPU
		{E8575F1C-C518-4DF8-BDC0-D95216020EC8}.Debug|Any CPU.ActiveCfg = Debug|Any CPU
		{E8575F1C-C518-4DF8-BDC0-D95216020EC8}.Debug|Any CPU.Build.0 = Debug|Any CPU
		{E8575F1C-C518-4DF8-BDC0-D95216020EC8}.Release|Any CPU.ActiveCfg = Release|Any CPU
		{E8575F1C-C518-4DF8-BDC0-D95216020EC8}.Release|Any CPU.Build.0 = Release|Any CPU
	EndGlobalSection
	GlobalSection(SolutionProperties) = preSolution
		HideSolutionNode = FALSE
	EndGlobalSection
	GlobalSection(ExtensibilityGlobals) = postSolution
		SolutionGuid = {E0838945-8F5E-46EE-9D45-6C996DC3D5EC}
	EndGlobalSection
EndGlobal
